
Microsoft Visual Studio Solution File, Format Version 12.00
# Visual Studio 15
VisualStudioVersion = 15.0.28307.271
MinimumVisualStudioVersion = 10.0.40219.1
Project("{9092AA53-FB77-4645-B42D-1CCCA6BD08BD}") = "count_Objects", "count_Objects\count_Objects.njsproj", "{89A1FFDC-4EF2-4583-8F3D-68E79134A5FE}"
EndProject
Global
	GlobalSection(SolutionConfigurationPlatforms) = preSolution
		Debug|Any CPU = Debug|Any CPU
		Release|Any CPU = Release|Any CPU
	EndGlobalSection
	GlobalSection(ProjectConfigurationPlatforms) = postSolution
		{89A1FFDC-4EF2-4583-8F3D-68E79134A5FE}.Debug|Any CPU.ActiveCfg = Debug|Any CPU
		{89A1FFDC-4EF2-4583-8F3D-68E79134A5FE}.Debug|Any CPU.Build.0 = Debug|Any CPU
		{89A1FFDC-4EF2-4583-8F3D-68E79134A5FE}.Release|Any CPU.ActiveCfg = Release|Any CPU
		{89A1FFDC-4EF2-4583-8F3D-68E79134A5FE}.Release|Any CPU.Build.0 = Release|Any CPU
	EndGlobalSection
	GlobalSection(SolutionProperties) = preSolution
		HideSolutionNode = FALSE
	EndGlobalSection
	GlobalSection(ExtensibilityGlobals) = postSolution
		SolutionGuid = {87434754-6473-4AE5-BA18-83D371E671BD}
	EndGlobalSection
EndGlobal
