
Microsoft Visual Studio Solution File, Format Version 12.00
# Visual Studio 15
VisualStudioVersion = 15.0.28307.271
MinimumVisualStudioVersion = 10.0.40219.1
Project("{9092AA53-FB77-4645-B42D-1CCCA6BD08BD}") = "NodejsConsoleApp1", "NodejsConsoleApp1\NodejsConsoleApp1.njsproj", "{ECF596FB-0FFC-45A6-A220-9A4566E622B9}"
EndProject
Global
	GlobalSection(SolutionConfigurationPlatforms) = preSolution
		Debug|Any CPU = Debug|Any CPU
		Release|Any CPU = Release|Any CPU
	EndGlobalSection
	GlobalSection(ProjectConfigurationPlatforms) = postSolution
		{ECF596FB-0FFC-45A6-A220-9A4566E622B9}.Debug|Any CPU.ActiveCfg = Debug|Any CPU
		{ECF596FB-0FFC-45A6-A220-9A4566E622B9}.Debug|Any CPU.Build.0 = Debug|Any CPU
		{ECF596FB-0FFC-45A6-A220-9A4566E622B9}.Release|Any CPU.ActiveCfg = Release|Any CPU
		{ECF596FB-0FFC-45A6-A220-9A4566E622B9}.Release|Any CPU.Build.0 = Release|Any CPU
	EndGlobalSection
	GlobalSection(SolutionProperties) = preSolution
		HideSolutionNode = FALSE
	EndGlobalSection
	GlobalSection(ExtensibilityGlobals) = postSolution
		SolutionGuid = {53569D38-A23F-4711-B746-4948C4E61EDA}
	EndGlobalSection
EndGlobal
