
Microsoft Visual Studio Solution File, Format Version 12.00
# Visual Studio 15
VisualStudioVersion = 15.0.28307.271
MinimumVisualStudioVersion = 10.0.40219.1
Project("{00D1A9C2-B5F0-4AF3-8072-F6C62B433612}") = "TRY2", "TRY2\TRY2.sqlproj", "{F001BCE4-5119-404A-82C9-9FC8C708237C}"
EndProject
Global
	GlobalSection(SolutionConfigurationPlatforms) = preSolution
		Debug|Any CPU = Debug|Any CPU
		Release|Any CPU = Release|Any CPU
	EndGlobalSection
	GlobalSection(ProjectConfigurationPlatforms) = postSolution
		{F001BCE4-5119-404A-82C9-9FC8C708237C}.Debug|Any CPU.ActiveCfg = Debug|Any CPU
		{F001BCE4-5119-404A-82C9-9FC8C708237C}.Debug|Any CPU.Build.0 = Debug|Any CPU
		{F001BCE4-5119-404A-82C9-9FC8C708237C}.Debug|Any CPU.Deploy.0 = Debug|Any CPU
		{F001BCE4-5119-404A-82C9-9FC8C708237C}.Release|Any CPU.ActiveCfg = Release|Any CPU
		{F001BCE4-5119-404A-82C9-9FC8C708237C}.Release|Any CPU.Build.0 = Release|Any CPU
		{F001BCE4-5119-404A-82C9-9FC8C708237C}.Release|Any CPU.Deploy.0 = Release|Any CPU
	EndGlobalSection
	GlobalSection(SolutionProperties) = preSolution
		HideSolutionNode = FALSE
	EndGlobalSection
	GlobalSection(ExtensibilityGlobals) = postSolution
		SolutionGuid = {48AFED07-6921-47DC-8070-D47066FDF23C}
	EndGlobalSection
EndGlobal
